
Microsoft Visual Studio Solution File, Format Version 12.00
Project("{FAE04EC0-301F-11D3-BF4B-00C04F79EFBC}") = "Navigator", "Navigator\Navigator.csproj", "{6DBAD041-6623-4903-9939-254FDC4EBD60}"
EndProject
Project("{FAE04EC0-301F-11D3-BF4B-00C04F79EFBC}") = "Navigator.Abstraction", "Navigator.Abstraction\Navigator.Abstraction.csproj", "{2A92A0E0-02D1-4763-99F9-1E54F31F7EBB}"
EndProject
Global
	GlobalSection(SolutionConfigurationPlatforms) = preSolution
		Debug|Any CPU = Debug|Any CPU
		Release|Any CPU = Release|Any CPU
	EndGlobalSection
	GlobalSection(ProjectConfigurationPlatforms) = postSolution
		{6DBAD041-6623-4903-9939-254FDC4EBD60}.Debug|Any CPU.ActiveCfg = Debug|Any CPU
		{6DBAD041-6623-4903-9939-254FDC4EBD60}.Debug|Any CPU.Build.0 = Debug|Any CPU
		{6DBAD041-6623-4903-9939-254FDC4EBD60}.Release|Any CPU.ActiveCfg = Release|Any CPU
		{6DBAD041-6623-4903-9939-254FDC4EBD60}.Release|Any CPU.Build.0 = Release|Any CPU
		{2A92A0E0-02D1-4763-99F9-1E54F31F7EBB}.Debug|Any CPU.ActiveCfg = Debug|Any CPU
		{2A92A0E0-02D1-4763-99F9-1E54F31F7EBB}.Debug|Any CPU.Build.0 = Debug|Any CPU
		{2A92A0E0-02D1-4763-99F9-1E54F31F7EBB}.Release|Any CPU.ActiveCfg = Release|Any CPU
		{2A92A0E0-02D1-4763-99F9-1E54F31F7EBB}.Release|Any CPU.Build.0 = Release|Any CPU
	EndGlobalSection
EndGlobal
