Microsoft Visual Studio Solution File, Format Version 12.00
Project("{FAE04EC0-301F-11D3-BF4B-00C04F79EFBC}") = "Navigator", "Navigator\Navigator.csproj", "{6DBAD041-6623-4903-9939-254FDC4EBD60}"
EndProject
Project("{2150E333-8FDC-42A3-9474-1A3956D46DE8}") = "Samples", "Samples", "{6D6A8E40-8C40-49AA-BEAD-B046D43F511A}"
EndProject
Project("{2150E333-8FDC-42A3-9474-1A3956D46DE8}") = "Packages", "Packages", "{E6F24E3B-A066-4572-94F0-14665E19EFC7}"
EndProject
Project("{2150E333-8FDC-42A3-9474-1A3956D46DE8}") = "Providers", "Providers", "{DAA22477-BB29-475C-AD2C-905F81B4AD8E}"
EndProject
Project("{FAE04EC0-301F-11D3-BF4B-00C04F79EFBC}") = "Navigator.Providers.Telegram", "Navigator.Providers.Telegram\Navigator.Providers.Telegram.csproj", "{8E0F6DCA-FAA4-4FA8-B9E0-75E9DC0F3573}"
EndProject
Project("{FAE04EC0-301F-11D3-BF4B-00C04F79EFBC}") = "Navigator.Samples.Echo", "Navigator.Samples.Echo\Navigator.Samples.Echo.csproj", "{4F4CEC5E-5FAF-4914-8EC0-E6BC9EB1B975}"
EndProject
Project("{2150E333-8FDC-42A3-9474-1A3956D46DE8}") = "Extensions", "Extensions", "{A6DF6F5F-F784-4EF1-97D1-C3DDD2E66B5E}"
EndProject
Project("{FAE04EC0-301F-11D3-BF4B-00C04F79EFBC}") = "Navigator.Extensions.Store", "Navigator.Extensions.Store\Navigator.Extensions.Store.csproj", "{E7D6F33B-C30E-4ED2-878C-B2F899CF1805}"
EndProject
Project("{FAE04EC0-301F-11D3-BF4B-00C04F79EFBC}") = "Navigator.Samples.Store", "Navigator.Samples.Store\Navigator.Samples.Store.csproj", "{50766B99-2587-4298-B43C-58DE387F5860}"
EndProject
Project("{FAE04EC0-301F-11D3-BF4B-00C04F79EFBC}") = "Navigator.Extensions.Store.Telegram", "Navigator.Extensions.Store.Telegram\Navigator.Extensions.Store.Telegram.csproj", "{342AEA62-E0C8-4B02-A048-5FACD34E9B29}"
EndProject
Global
	GlobalSection(SolutionConfigurationPlatforms) = preSolution
		Debug|Any CPU = Debug|Any CPU
		Release|Any CPU = Release|Any CPU
	EndGlobalSection
	GlobalSection(ProjectConfigurationPlatforms) = postSolution
		{6DBAD041-6623-4903-9939-254FDC4EBD60}.Debug|Any CPU.ActiveCfg = Debug|Any CPU
		{6DBAD041-6623-4903-9939-254FDC4EBD60}.Debug|Any CPU.Build.0 = Debug|Any CPU
		{6DBAD041-6623-4903-9939-254FDC4EBD60}.Release|Any CPU.ActiveCfg = Release|Any CPU
		{6DBAD041-6623-4903-9939-254FDC4EBD60}.Release|Any CPU.Build.0 = Release|Any CPU
		{8E0F6DCA-FAA4-4FA8-B9E0-75E9DC0F3573}.Debug|Any CPU.ActiveCfg = Debug|Any CPU
		{8E0F6DCA-FAA4-4FA8-B9E0-75E9DC0F3573}.Debug|Any CPU.Build.0 = Debug|Any CPU
		{8E0F6DCA-FAA4-4FA8-B9E0-75E9DC0F3573}.Release|Any CPU.ActiveCfg = Release|Any CPU
		{8E0F6DCA-FAA4-4FA8-B9E0-75E9DC0F3573}.Release|Any CPU.Build.0 = Release|Any CPU
		{4F4CEC5E-5FAF-4914-8EC0-E6BC9EB1B975}.Debug|Any CPU.ActiveCfg = Debug|Any CPU
		{4F4CEC5E-5FAF-4914-8EC0-E6BC9EB1B975}.Debug|Any CPU.Build.0 = Debug|Any CPU
		{4F4CEC5E-5FAF-4914-8EC0-E6BC9EB1B975}.Release|Any CPU.ActiveCfg = Release|Any CPU
		{4F4CEC5E-5FAF-4914-8EC0-E6BC9EB1B975}.Release|Any CPU.Build.0 = Release|Any CPU
		{E7D6F33B-C30E-4ED2-878C-B2F899CF1805}.Debug|Any CPU.ActiveCfg = Debug|Any CPU
		{E7D6F33B-C30E-4ED2-878C-B2F899CF1805}.Debug|Any CPU.Build.0 = Debug|Any CPU
		{E7D6F33B-C30E-4ED2-878C-B2F899CF1805}.Release|Any CPU.ActiveCfg = Release|Any CPU
		{E7D6F33B-C30E-4ED2-878C-B2F899CF1805}.Release|Any CPU.Build.0 = Release|Any CPU
		{50766B99-2587-4298-B43C-58DE387F5860}.Debug|Any CPU.ActiveCfg = Debug|Any CPU
		{50766B99-2587-4298-B43C-58DE387F5860}.Debug|Any CPU.Build.0 = Debug|Any CPU
		{50766B99-2587-4298-B43C-58DE387F5860}.Release|Any CPU.ActiveCfg = Release|Any CPU
		{50766B99-2587-4298-B43C-58DE387F5860}.Release|Any CPU.Build.0 = Release|Any CPU
		{342AEA62-E0C8-4B02-A048-5FACD34E9B29}.Debug|Any CPU.ActiveCfg = Debug|Any CPU
		{342AEA62-E0C8-4B02-A048-5FACD34E9B29}.Debug|Any CPU.Build.0 = Debug|Any CPU
		{342AEA62-E0C8-4B02-A048-5FACD34E9B29}.Release|Any CPU.ActiveCfg = Release|Any CPU
		{342AEA62-E0C8-4B02-A048-5FACD34E9B29}.Release|Any CPU.Build.0 = Release|Any CPU
	EndGlobalSection
	GlobalSection(NestedProjects) = preSolution
		{6DBAD041-6623-4903-9939-254FDC4EBD60} = {E6F24E3B-A066-4572-94F0-14665E19EFC7}
		{8E0F6DCA-FAA4-4FA8-B9E0-75E9DC0F3573} = {DAA22477-BB29-475C-AD2C-905F81B4AD8E}
		{4F4CEC5E-5FAF-4914-8EC0-E6BC9EB1B975} = {6D6A8E40-8C40-49AA-BEAD-B046D43F511A}
		{DAA22477-BB29-475C-AD2C-905F81B4AD8E} = {E6F24E3B-A066-4572-94F0-14665E19EFC7}
		{A6DF6F5F-F784-4EF1-97D1-C3DDD2E66B5E} = {E6F24E3B-A066-4572-94F0-14665E19EFC7}
		{E7D6F33B-C30E-4ED2-878C-B2F899CF1805} = {A6DF6F5F-F784-4EF1-97D1-C3DDD2E66B5E}
		{50766B99-2587-4298-B43C-58DE387F5860} = {6D6A8E40-8C40-49AA-BEAD-B046D43F511A}
		{342AEA62-E0C8-4B02-A048-5FACD34E9B29} = {A6DF6F5F-F784-4EF1-97D1-C3DDD2E66B5E}
	EndGlobalSection
EndGlobal
