
Microsoft Visual Studio Solution File, Format Version 12.00
Project("{FAE04EC0-301F-11D3-BF4B-00C04F79EFBC}") = "Navigator", "Navigator\Navigator.csproj", "{6DBAD041-6623-4903-9939-254FDC4EBD60}"
EndProject
Project("{FAE04EC0-301F-11D3-BF4B-00C04F79EFBC}") = "Navigator.Samples.Echo", "Navigator.Samples.Echo\Navigator.Samples.Echo.csproj", "{7E8F867E-70E1-4C5B-AE65-A2C6822BFD6E}"
EndProject
Project("{FAE04EC0-301F-11D3-BF4B-00C04F79EFBC}") = "Navigator.Extensions.Store", "Navigator.Extensions.Store\Navigator.Extensions.Store.csproj", "{9DEA166A-AE92-438F-8F3D-7C2F777ABBDD}"
EndProject
Project("{FAE04EC0-301F-11D3-BF4B-00C04F79EFBC}") = "Navigator.Extensions.Actions", "Navigator.Extensions.Actions\Navigator.Extensions.Actions.csproj", "{2711B76D-B24C-4A3A-A33F-5A0077C49CB6}"
EndProject
Project("{2150E333-8FDC-42A3-9474-1A3956D46DE8}") = "Samples", "Samples", "{6D6A8E40-8C40-49AA-BEAD-B046D43F511A}"
EndProject
Project("{FAE04EC0-301F-11D3-BF4B-00C04F79EFBC}") = "Navigator.Samples.CustomStore", "Navigator.Samples.CustomStore\Navigator.Samples.CustomStore.csproj", "{0E2BFE5A-CA85-47ED-930C-ABA22A631868}"
EndProject
Project("{FAE04EC0-301F-11D3-BF4B-00C04F79EFBC}") = "Navigator.Samples.DefaultStore", "Navigator.Samples.DefaultStore\Navigator.Samples.DefaultStore.csproj", "{3CBCD453-C035-40D2-B324-A0A8689753A5}"
EndProject
Project("{2150E333-8FDC-42A3-9474-1A3956D46DE8}") = "Extensions", "Extensions", "{F178DCF2-AD03-44C8-AF8F-95C60664DD10}"
EndProject
Project("{2150E333-8FDC-42A3-9474-1A3956D46DE8}") = "Store", "Store", "{32A4D4A6-1693-4C00-868F-F1F031E0EA9C}"
EndProject
Project("{2150E333-8FDC-42A3-9474-1A3956D46DE8}") = "Actions", "Actions", "{288F4B0C-9EF0-443B-B893-5FC34F9D032B}"
EndProject
Project("{2150E333-8FDC-42A3-9474-1A3956D46DE8}") = "Packages", "Packages", "{895808DE-1CA6-406C-924A-7E43F293CF7D}"
EndProject
Project("{FAE04EC0-301F-11D3-BF4B-00C04F79EFBC}") = "Navigator.Abstractions", "Navigator.Abstractions\Navigator.Abstractions.csproj", "{FAB1A6C8-EBEB-4338-B454-75DA358E7DE2}"
EndProject
Project("{2150E333-8FDC-42A3-9474-1A3956D46DE8}") = "Navigator", "Navigator", "{E6F24E3B-A066-4572-94F0-14665E19EFC7}"
EndProject
Project("{FAE04EC0-301F-11D3-BF4B-00C04F79EFBC}") = "Navigator.Abstractions.Extensions", "Navigator.Abstractions.Extensions\Navigator.Abstractions.Extensions.csproj", "{FACFECB8-1215-4F04-B9B2-F7FB7656804F}"
EndProject
Project("{2150E333-8FDC-42A3-9474-1A3956D46DE8}") = "Store", "Store", "{F26BD166-0ED4-4096-8841-47959645B3DE}"
EndProject
Project("{FAE04EC0-301F-11D3-BF4B-00C04F79EFBC}") = "Navigator.Extensions.Store.Abstractions", "Navigator.Extensions.Store.Abstractions\Navigator.Extensions.Store.Abstractions.csproj", "{8E680AE7-33EC-4049-A9DC-0F42C6A03184}"
EndProject
Project("{FAE04EC0-301F-11D3-BF4B-00C04F79EFBC}") = "Navigator.Extensions.Store.Abstractions.Extensions", "Navigator.Extensions.Store.Abstractions.Extensions\Navigator.Extensions.Store.Abstractions.Extensions.csproj", "{DB8B0A37-3CE6-4B84-8796-819D04D6C70E}"
EndProject
Project("{2150E333-8FDC-42A3-9474-1A3956D46DE8}") = "Shipyard", "Shipyard", "{E2FF61C3-F081-40C8-9CC3-BBE1F81543F6}"
EndProject
Project("{FAE04EC0-301F-11D3-BF4B-00C04F79EFBC}") = "Navigator.Extensions.Shipyard", "Navigator.Extensions.Shipyard\Navigator.Extensions.Shipyard.csproj", "{90E6A9A5-BD73-4C9D-97A3-FA8021D16921}"
EndProject
Global
	GlobalSection(SolutionConfigurationPlatforms) = preSolution
		Debug|Any CPU = Debug|Any CPU
		Release|Any CPU = Release|Any CPU
	EndGlobalSection
	GlobalSection(ProjectConfigurationPlatforms) = postSolution
		{6DBAD041-6623-4903-9939-254FDC4EBD60}.Debug|Any CPU.ActiveCfg = Debug|Any CPU
		{6DBAD041-6623-4903-9939-254FDC4EBD60}.Debug|Any CPU.Build.0 = Debug|Any CPU
		{6DBAD041-6623-4903-9939-254FDC4EBD60}.Release|Any CPU.ActiveCfg = Release|Any CPU
		{6DBAD041-6623-4903-9939-254FDC4EBD60}.Release|Any CPU.Build.0 = Release|Any CPU
		{7E8F867E-70E1-4C5B-AE65-A2C6822BFD6E}.Debug|Any CPU.ActiveCfg = Debug|Any CPU
		{7E8F867E-70E1-4C5B-AE65-A2C6822BFD6E}.Debug|Any CPU.Build.0 = Debug|Any CPU
		{7E8F867E-70E1-4C5B-AE65-A2C6822BFD6E}.Release|Any CPU.ActiveCfg = Release|Any CPU
		{7E8F867E-70E1-4C5B-AE65-A2C6822BFD6E}.Release|Any CPU.Build.0 = Release|Any CPU
		{9DEA166A-AE92-438F-8F3D-7C2F777ABBDD}.Debug|Any CPU.ActiveCfg = Debug|Any CPU
		{9DEA166A-AE92-438F-8F3D-7C2F777ABBDD}.Debug|Any CPU.Build.0 = Debug|Any CPU
		{9DEA166A-AE92-438F-8F3D-7C2F777ABBDD}.Release|Any CPU.ActiveCfg = Release|Any CPU
		{9DEA166A-AE92-438F-8F3D-7C2F777ABBDD}.Release|Any CPU.Build.0 = Release|Any CPU
		{2711B76D-B24C-4A3A-A33F-5A0077C49CB6}.Debug|Any CPU.ActiveCfg = Debug|Any CPU
		{2711B76D-B24C-4A3A-A33F-5A0077C49CB6}.Debug|Any CPU.Build.0 = Debug|Any CPU
		{2711B76D-B24C-4A3A-A33F-5A0077C49CB6}.Release|Any CPU.ActiveCfg = Release|Any CPU
		{2711B76D-B24C-4A3A-A33F-5A0077C49CB6}.Release|Any CPU.Build.0 = Release|Any CPU
		{0E2BFE5A-CA85-47ED-930C-ABA22A631868}.Debug|Any CPU.ActiveCfg = Debug|Any CPU
		{0E2BFE5A-CA85-47ED-930C-ABA22A631868}.Debug|Any CPU.Build.0 = Debug|Any CPU
		{0E2BFE5A-CA85-47ED-930C-ABA22A631868}.Release|Any CPU.ActiveCfg = Release|Any CPU
		{0E2BFE5A-CA85-47ED-930C-ABA22A631868}.Release|Any CPU.Build.0 = Release|Any CPU
		{3CBCD453-C035-40D2-B324-A0A8689753A5}.Debug|Any CPU.ActiveCfg = Debug|Any CPU
		{3CBCD453-C035-40D2-B324-A0A8689753A5}.Debug|Any CPU.Build.0 = Debug|Any CPU
		{3CBCD453-C035-40D2-B324-A0A8689753A5}.Release|Any CPU.ActiveCfg = Release|Any CPU
		{3CBCD453-C035-40D2-B324-A0A8689753A5}.Release|Any CPU.Build.0 = Release|Any CPU
		{FAB1A6C8-EBEB-4338-B454-75DA358E7DE2}.Debug|Any CPU.ActiveCfg = Debug|Any CPU
		{FAB1A6C8-EBEB-4338-B454-75DA358E7DE2}.Debug|Any CPU.Build.0 = Debug|Any CPU
		{FAB1A6C8-EBEB-4338-B454-75DA358E7DE2}.Release|Any CPU.ActiveCfg = Release|Any CPU
		{FAB1A6C8-EBEB-4338-B454-75DA358E7DE2}.Release|Any CPU.Build.0 = Release|Any CPU
		{FACFECB8-1215-4F04-B9B2-F7FB7656804F}.Debug|Any CPU.ActiveCfg = Debug|Any CPU
		{FACFECB8-1215-4F04-B9B2-F7FB7656804F}.Debug|Any CPU.Build.0 = Debug|Any CPU
		{FACFECB8-1215-4F04-B9B2-F7FB7656804F}.Release|Any CPU.ActiveCfg = Release|Any CPU
		{FACFECB8-1215-4F04-B9B2-F7FB7656804F}.Release|Any CPU.Build.0 = Release|Any CPU
		{8E680AE7-33EC-4049-A9DC-0F42C6A03184}.Debug|Any CPU.ActiveCfg = Debug|Any CPU
		{8E680AE7-33EC-4049-A9DC-0F42C6A03184}.Debug|Any CPU.Build.0 = Debug|Any CPU
		{8E680AE7-33EC-4049-A9DC-0F42C6A03184}.Release|Any CPU.ActiveCfg = Release|Any CPU
		{8E680AE7-33EC-4049-A9DC-0F42C6A03184}.Release|Any CPU.Build.0 = Release|Any CPU
		{DB8B0A37-3CE6-4B84-8796-819D04D6C70E}.Debug|Any CPU.ActiveCfg = Debug|Any CPU
		{DB8B0A37-3CE6-4B84-8796-819D04D6C70E}.Debug|Any CPU.Build.0 = Debug|Any CPU
		{DB8B0A37-3CE6-4B84-8796-819D04D6C70E}.Release|Any CPU.ActiveCfg = Release|Any CPU
		{DB8B0A37-3CE6-4B84-8796-819D04D6C70E}.Release|Any CPU.Build.0 = Release|Any CPU
		{90E6A9A5-BD73-4C9D-97A3-FA8021D16921}.Debug|Any CPU.ActiveCfg = Debug|Any CPU
		{90E6A9A5-BD73-4C9D-97A3-FA8021D16921}.Debug|Any CPU.Build.0 = Debug|Any CPU
		{90E6A9A5-BD73-4C9D-97A3-FA8021D16921}.Release|Any CPU.ActiveCfg = Release|Any CPU
		{90E6A9A5-BD73-4C9D-97A3-FA8021D16921}.Release|Any CPU.Build.0 = Release|Any CPU
	EndGlobalSection
	GlobalSection(NestedProjects) = preSolution
		{7E8F867E-70E1-4C5B-AE65-A2C6822BFD6E} = {6D6A8E40-8C40-49AA-BEAD-B046D43F511A}
		{0E2BFE5A-CA85-47ED-930C-ABA22A631868} = {6D6A8E40-8C40-49AA-BEAD-B046D43F511A}
		{3CBCD453-C035-40D2-B324-A0A8689753A5} = {6D6A8E40-8C40-49AA-BEAD-B046D43F511A}
		{32A4D4A6-1693-4C00-868F-F1F031E0EA9C} = {895808DE-1CA6-406C-924A-7E43F293CF7D}
		{F178DCF2-AD03-44C8-AF8F-95C60664DD10} = {895808DE-1CA6-406C-924A-7E43F293CF7D}
		{E6F24E3B-A066-4572-94F0-14665E19EFC7} = {895808DE-1CA6-406C-924A-7E43F293CF7D}
		{6DBAD041-6623-4903-9939-254FDC4EBD60} = {E6F24E3B-A066-4572-94F0-14665E19EFC7}
		{FAB1A6C8-EBEB-4338-B454-75DA358E7DE2} = {E6F24E3B-A066-4572-94F0-14665E19EFC7}
		{2711B76D-B24C-4A3A-A33F-5A0077C49CB6} = {288F4B0C-9EF0-443B-B893-5FC34F9D032B}
		{288F4B0C-9EF0-443B-B893-5FC34F9D032B} = {F178DCF2-AD03-44C8-AF8F-95C60664DD10}
		{FACFECB8-1215-4F04-B9B2-F7FB7656804F} = {E6F24E3B-A066-4572-94F0-14665E19EFC7}
		{F26BD166-0ED4-4096-8841-47959645B3DE} = {F178DCF2-AD03-44C8-AF8F-95C60664DD10}
		{9DEA166A-AE92-438F-8F3D-7C2F777ABBDD} = {F26BD166-0ED4-4096-8841-47959645B3DE}
		{8E680AE7-33EC-4049-A9DC-0F42C6A03184} = {F26BD166-0ED4-4096-8841-47959645B3DE}
		{DB8B0A37-3CE6-4B84-8796-819D04D6C70E} = {F26BD166-0ED4-4096-8841-47959645B3DE}
		{E2FF61C3-F081-40C8-9CC3-BBE1F81543F6} = {F178DCF2-AD03-44C8-AF8F-95C60664DD10}
		{90E6A9A5-BD73-4C9D-97A3-FA8021D16921} = {E2FF61C3-F081-40C8-9CC3-BBE1F81543F6}
	EndGlobalSection
EndGlobal
